
Microsoft Visual Studio Solution File, Format Version 12.00
# Visual Studio Version 17
VisualStudioVersion = 17.7.34009.444
MinimumVisualStudioVersion = 10.0.40219.1
Project("{FAE04EC0-301F-11D3-BF4B-00C04F79EFBC}") = "MauiChartApp", "MauiChartApp\MauiChartApp.csproj", "{676A41E8-3C12-4B43-B04F-29888696ABCE}"
EndProject
Global
	GlobalSection(SolutionConfigurationPlatforms) = preSolution
		Debug|Any CPU = Debug|Any CPU
		Release|Any CPU = Release|Any CPU
	EndGlobalSection
	GlobalSection(ProjectConfigurationPlatforms) = postSolution
		{676A41E8-3C12-4B43-B04F-29888696ABCE}.Debug|Any CPU.ActiveCfg = Debug|Any CPU
		{676A41E8-3C12-4B43-B04F-29888696ABCE}.Debug|Any CPU.Build.0 = Debug|Any CPU
		{676A41E8-3C12-4B43-B04F-29888696ABCE}.Debug|Any CPU.Deploy.0 = Debug|Any CPU
		{676A41E8-3C12-4B43-B04F-29888696ABCE}.Release|Any CPU.ActiveCfg = Release|Any CPU
		{676A41E8-3C12-4B43-B04F-29888696ABCE}.Release|Any CPU.Build.0 = Release|Any CPU
		{676A41E8-3C12-4B43-B04F-29888696ABCE}.Release|Any CPU.Deploy.0 = Release|Any CPU
	EndGlobalSection
	GlobalSection(SolutionProperties) = preSolution
		HideSolutionNode = FALSE
	EndGlobalSection
	GlobalSection(ExtensibilityGlobals) = postSolution
		SolutionGuid = {3B51A2D2-CF4D-4FB7-ADAE-429D6B01FC3B}
	EndGlobalSection
EndGlobal
