
Microsoft Visual Studio Solution File, Format Version 12.00
# Visual Studio Version 17
VisualStudioVersion = 17.7.34009.444
MinimumVisualStudioVersion = 10.0.40219.1
Project("{FAE04EC0-301F-11D3-BF4B-00C04F79EFBC}") = "MauiCalendarApp", "MauiCalendarApp\MauiCalendarApp.csproj", "{58B16445-8B23-4447-BC7C-F015F7790B78}"
EndProject
Global
	GlobalSection(SolutionConfigurationPlatforms) = preSolution
		Debug|Any CPU = Debug|Any CPU
		Release|Any CPU = Release|Any CPU
	EndGlobalSection
	GlobalSection(ProjectConfigurationPlatforms) = postSolution
		{58B16445-8B23-4447-BC7C-F015F7790B78}.Debug|Any CPU.ActiveCfg = Debug|Any CPU
		{58B16445-8B23-4447-BC7C-F015F7790B78}.Debug|Any CPU.Build.0 = Debug|Any CPU
		{58B16445-8B23-4447-BC7C-F015F7790B78}.Debug|Any CPU.Deploy.0 = Debug|Any CPU
		{58B16445-8B23-4447-BC7C-F015F7790B78}.Release|Any CPU.ActiveCfg = Release|Any CPU
		{58B16445-8B23-4447-BC7C-F015F7790B78}.Release|Any CPU.Build.0 = Release|Any CPU
		{58B16445-8B23-4447-BC7C-F015F7790B78}.Release|Any CPU.Deploy.0 = Release|Any CPU
	EndGlobalSection
	GlobalSection(SolutionProperties) = preSolution
		HideSolutionNode = FALSE
	EndGlobalSection
	GlobalSection(ExtensibilityGlobals) = postSolution
		SolutionGuid = {3907B006-72A1-4901-A59C-B154D8D42D66}
	EndGlobalSection
EndGlobal
